
Microsoft Visual Studio Solution File, Format Version 12.00
# Visual Studio Version 17
VisualStudioVersion = 17.10.35027.167
MinimumVisualStudioVersion = 10.0.40219.1
Project("{2150E333-8FDC-42A3-9474-1A3956D46DE8}") = "BankingAccount", "BankingAccount", "{F85B1965-FCD5-4CC4-A492-781BA16B10CA}"
EndProject
Project("{2150E333-8FDC-42A3-9474-1A3956D46DE8}") = "Microservices", "Microservices", "{6284500D-4371-4DBB-BF14-66C619914149}"
EndProject
Project("{2150E333-8FDC-42A3-9474-1A3956D46DE8}") = "CQRS", "CQRS", "{0C92C715-256A-4555-8C95-926F091625C9}"
EndProject
Project("{2150E333-8FDC-42A3-9474-1A3956D46DE8}") = "Command", "Command", "{5CE37B5F-6EE9-49EB-A4C1-2632E203BFF8}"
EndProject
Project("{2150E333-8FDC-42A3-9474-1A3956D46DE8}") = "Query", "Query", "{7A887C75-F513-4A3F-ABB2-E9C9651AAD28}"
EndProject
Project("{9A19103F-16F7-4668-BE54-9A1E7A4F7556}") = "Banking.Cqrs.Core", "Banking.Cqrs.Core\Banking.Cqrs.Core.csproj", "{237B8309-4913-434E-8808-07765BCA001A}"
EndProject
Project("{2150E333-8FDC-42A3-9474-1A3956D46DE8}") = "Api", "Api", "{8B129B5B-612A-44F0-9249-ACD23345FD85}"
EndProject
Project("{2150E333-8FDC-42A3-9474-1A3956D46DE8}") = "Application", "Application", "{F3516FE6-7359-491A-A1AF-951CA11A3020}"
EndProject
Project("{2150E333-8FDC-42A3-9474-1A3956D46DE8}") = "Domain", "Domain", "{BE09DE76-36B5-4B6E-B004-1734ABE77907}"
EndProject
Project("{2150E333-8FDC-42A3-9474-1A3956D46DE8}") = "Infrastructure", "Infrastructure", "{0FE59112-9805-487B-A822-6B0788101DFD}"
EndProject
Project("{FAE04EC0-301F-11D3-BF4B-00C04F79EFBC}") = "Banking.Account.Command.Domain", "Banking.Account.Command.Domain\Banking.Account.Command.Domain.csproj", "{76967C37-FF2D-4ED9-9A5D-1A36EC2434E7}"
EndProject
Project("{FAE04EC0-301F-11D3-BF4B-00C04F79EFBC}") = "Banking.Account.Command.Application", "Banking.Account.Command.Application\Banking.Account.Command.Application.csproj", "{6752EBFD-AC91-4A0B-98B4-BB3460E1D27D}"
EndProject
Project("{FAE04EC0-301F-11D3-BF4B-00C04F79EFBC}") = "Banking.Account.Command.Infrastructure", "Banking.Account.Command.Infrastructure\Banking.Account.Command.Infrastructure.csproj", "{3EE1D1B9-17C1-43D4-855A-14B79B898F96}"
EndProject
Global
	GlobalSection(SolutionConfigurationPlatforms) = preSolution
		Debug|Any CPU = Debug|Any CPU
		Release|Any CPU = Release|Any CPU
	EndGlobalSection
	GlobalSection(ProjectConfigurationPlatforms) = postSolution
		{237B8309-4913-434E-8808-07765BCA001A}.Debug|Any CPU.ActiveCfg = Debug|Any CPU
		{237B8309-4913-434E-8808-07765BCA001A}.Debug|Any CPU.Build.0 = Debug|Any CPU
		{237B8309-4913-434E-8808-07765BCA001A}.Release|Any CPU.ActiveCfg = Release|Any CPU
		{237B8309-4913-434E-8808-07765BCA001A}.Release|Any CPU.Build.0 = Release|Any CPU
		{76967C37-FF2D-4ED9-9A5D-1A36EC2434E7}.Debug|Any CPU.ActiveCfg = Debug|Any CPU
		{76967C37-FF2D-4ED9-9A5D-1A36EC2434E7}.Debug|Any CPU.Build.0 = Debug|Any CPU
		{76967C37-FF2D-4ED9-9A5D-1A36EC2434E7}.Release|Any CPU.ActiveCfg = Release|Any CPU
		{76967C37-FF2D-4ED9-9A5D-1A36EC2434E7}.Release|Any CPU.Build.0 = Release|Any CPU
		{6752EBFD-AC91-4A0B-98B4-BB3460E1D27D}.Debug|Any CPU.ActiveCfg = Debug|Any CPU
		{6752EBFD-AC91-4A0B-98B4-BB3460E1D27D}.Debug|Any CPU.Build.0 = Debug|Any CPU
		{6752EBFD-AC91-4A0B-98B4-BB3460E1D27D}.Release|Any CPU.ActiveCfg = Release|Any CPU
		{6752EBFD-AC91-4A0B-98B4-BB3460E1D27D}.Release|Any CPU.Build.0 = Release|Any CPU
		{3EE1D1B9-17C1-43D4-855A-14B79B898F96}.Debug|Any CPU.ActiveCfg = Debug|Any CPU
		{3EE1D1B9-17C1-43D4-855A-14B79B898F96}.Debug|Any CPU.Build.0 = Debug|Any CPU
		{3EE1D1B9-17C1-43D4-855A-14B79B898F96}.Release|Any CPU.ActiveCfg = Release|Any CPU
		{3EE1D1B9-17C1-43D4-855A-14B79B898F96}.Release|Any CPU.Build.0 = Release|Any CPU
	EndGlobalSection
	GlobalSection(SolutionProperties) = preSolution
		HideSolutionNode = FALSE
	EndGlobalSection
	GlobalSection(NestedProjects) = preSolution
		{6284500D-4371-4DBB-BF14-66C619914149} = {F85B1965-FCD5-4CC4-A492-781BA16B10CA}
		{5CE37B5F-6EE9-49EB-A4C1-2632E203BFF8} = {6284500D-4371-4DBB-BF14-66C619914149}
		{7A887C75-F513-4A3F-ABB2-E9C9651AAD28} = {6284500D-4371-4DBB-BF14-66C619914149}
		{237B8309-4913-434E-8808-07765BCA001A} = {0C92C715-256A-4555-8C95-926F091625C9}
		{8B129B5B-612A-44F0-9249-ACD23345FD85} = {5CE37B5F-6EE9-49EB-A4C1-2632E203BFF8}
		{F3516FE6-7359-491A-A1AF-951CA11A3020} = {5CE37B5F-6EE9-49EB-A4C1-2632E203BFF8}
		{BE09DE76-36B5-4B6E-B004-1734ABE77907} = {5CE37B5F-6EE9-49EB-A4C1-2632E203BFF8}
		{0FE59112-9805-487B-A822-6B0788101DFD} = {5CE37B5F-6EE9-49EB-A4C1-2632E203BFF8}
		{76967C37-FF2D-4ED9-9A5D-1A36EC2434E7} = {BE09DE76-36B5-4B6E-B004-1734ABE77907}
		{6752EBFD-AC91-4A0B-98B4-BB3460E1D27D} = {F3516FE6-7359-491A-A1AF-951CA11A3020}
		{3EE1D1B9-17C1-43D4-855A-14B79B898F96} = {0FE59112-9805-487B-A822-6B0788101DFD}
	EndGlobalSection
	GlobalSection(ExtensibilityGlobals) = postSolution
		SolutionGuid = {D869C798-4C61-4498-9B79-00942A7ED29A}
	EndGlobalSection
EndGlobal
